
Microsoft Visual Studio Solution File, Format Version 12.00
# Visual Studio 2012
Project("{8BC9CEB8-8B4A-11D0-8D11-00A0C91BC942}") = "TestProject_Sender_E1", "TestProject_Sender_E1\TestProject_Sender_E1.vcxproj", "{BA6C0C4C-20A8-48E4-8631-8CC6BF910CEE}"
EndProject
Global
	GlobalSection(SolutionConfigurationPlatforms) = preSolution
		Debug|Win32 = Debug|Win32
		Release|Win32 = Release|Win32
	EndGlobalSection
	GlobalSection(ProjectConfigurationPlatforms) = postSolution
		{BA6C0C4C-20A8-48E4-8631-8CC6BF910CEE}.Debug|Win32.ActiveCfg = Debug|Win32
		{BA6C0C4C-20A8-48E4-8631-8CC6BF910CEE}.Debug|Win32.Build.0 = Debug|Win32
		{BA6C0C4C-20A8-48E4-8631-8CC6BF910CEE}.Release|Win32.ActiveCfg = Release|Win32
		{BA6C0C4C-20A8-48E4-8631-8CC6BF910CEE}.Release|Win32.Build.0 = Release|Win32
	EndGlobalSection
	GlobalSection(SolutionProperties) = preSolution
		HideSolutionNode = FALSE
	EndGlobalSection
EndGlobal
